
Microsoft Visual Studio Solution File, Format Version 12.00
# Visual Studio Version 16
VisualStudioVersion = 16.0.30309.148
MinimumVisualStudioVersion = 10.0.40219.1
Project("{FAE04EC0-301F-11D3-BF4B-00C04F79EFBC}") = "HesapMakinesi", "HesapMakinesi\HesapMakinesi.csproj", "{1ADC4AD7-28DE-4232-BDEF-24BB155DC7F7}"
EndProject
Global
	GlobalSection(SolutionConfigurationPlatforms) = preSolution
		Debug|Any CPU = Debug|Any CPU
		Release|Any CPU = Release|Any CPU
	EndGlobalSection
	GlobalSection(ProjectConfigurationPlatforms) = postSolution
		{1ADC4AD7-28DE-4232-BDEF-24BB155DC7F7}.Debug|Any CPU.ActiveCfg = Debug|Any CPU
		{1ADC4AD7-28DE-4232-BDEF-24BB155DC7F7}.Debug|Any CPU.Build.0 = Debug|Any CPU
		{1ADC4AD7-28DE-4232-BDEF-24BB155DC7F7}.Release|Any CPU.ActiveCfg = Release|Any CPU
		{1ADC4AD7-28DE-4232-BDEF-24BB155DC7F7}.Release|Any CPU.Build.0 = Release|Any CPU
	EndGlobalSection
	GlobalSection(SolutionProperties) = preSolution
		HideSolutionNode = FALSE
	EndGlobalSection
	GlobalSection(ExtensibilityGlobals) = postSolution
		SolutionGuid = {6625998D-9ECD-4073-98AC-14509FEED32E}
	EndGlobalSection
EndGlobal
